
Microsoft Visual Studio Solution File, Format Version 12.00
# Visual Studio Version 17
VisualStudioVersion = 17.8.34330.188
MinimumVisualStudioVersion = 10.0.40219.1
Project("{D2ABAB84-BF74-430A-B69E-9DC6D40DDA17}") = "DWH_GravityBooks", "DWH_GravityBooks\DWH_GravityBooks.dwproj", "{3588CC7B-A09F-40E4-9BE8-78C6FF21CC43}"
EndProject
Global
	GlobalSection(SolutionConfigurationPlatforms) = preSolution
		Development|Default = Development|Default
	EndGlobalSection
	GlobalSection(ProjectConfigurationPlatforms) = postSolution
		{3588CC7B-A09F-40E4-9BE8-78C6FF21CC43}.Development|Default.ActiveCfg = Development
		{3588CC7B-A09F-40E4-9BE8-78C6FF21CC43}.Development|Default.Build.0 = Development
		{3588CC7B-A09F-40E4-9BE8-78C6FF21CC43}.Development|Default.Deploy.0 = Development
	EndGlobalSection
	GlobalSection(SolutionProperties) = preSolution
		HideSolutionNode = FALSE
	EndGlobalSection
	GlobalSection(ExtensibilityGlobals) = postSolution
		SolutionGuid = {5EFA7E1B-4AA6-43C7-8C3A-E8AB57DAE00D}
	EndGlobalSection
EndGlobal
